
Microsoft Visual Studio Solution File, Format Version 12.00
# Visual Studio Version 17
VisualStudioVersion = 17.5.33414.496
MinimumVisualStudioVersion = 10.0.40219.1
Project("{FAE04EC0-301F-11D3-BF4B-00C04F79EFBC}") = "Chellangeapp#21Days", "Chellangeapp#21Days\Chellangeapp#21Days.csproj", "{1D90D327-D551-4D0C-9CC5-89E9F0797598}"
EndProject
Global
	GlobalSection(SolutionConfigurationPlatforms) = preSolution
		Debug|Any CPU = Debug|Any CPU
		Release|Any CPU = Release|Any CPU
	EndGlobalSection
	GlobalSection(ProjectConfigurationPlatforms) = postSolution
		{1D90D327-D551-4D0C-9CC5-89E9F0797598}.Debug|Any CPU.ActiveCfg = Debug|Any CPU
		{1D90D327-D551-4D0C-9CC5-89E9F0797598}.Debug|Any CPU.Build.0 = Debug|Any CPU
		{1D90D327-D551-4D0C-9CC5-89E9F0797598}.Release|Any CPU.ActiveCfg = Release|Any CPU
		{1D90D327-D551-4D0C-9CC5-89E9F0797598}.Release|Any CPU.Build.0 = Release|Any CPU
	EndGlobalSection
	GlobalSection(SolutionProperties) = preSolution
		HideSolutionNode = FALSE
	EndGlobalSection
	GlobalSection(ExtensibilityGlobals) = postSolution
		SolutionGuid = {D51C23D4-CFC5-45BD-9AD6-90E9AE2E4AB4}
	EndGlobalSection
EndGlobal
